lockfileVersion: '9.0'

settings:
  autoInstallPeers: true
  excludeLinksFromLockfile: false

importers:

  .:
    dependencies:
      '@sparkjsdev/spark':
        specifier: ^0.1.9
        version: 0.1.9

packages:

  '@sparkjsdev/spark@0.1.9':
    resolution: {integrity: sha512-0tV3WCQ8e90SW3ihQ6DvHVaMmAWkSH6Yi1Y2gT0GcyoRwz37C3LQ2o2KnJyra6y6n3qBoaqt/YjaXMczVzNgdw==}

  fflate@0.8.2:
    resolution: {integrity: sha512-cPJU47OaAoCbg0pBvzsgpTPhmhqI5eJjh/JIu8tPj5q+T7iLvW/JAYUqmE7KOB4R1ZyEhzBaIQpQpardBF5z8A==}

snapshots:

  '@sparkjsdev/spark@0.1.9':
    dependencies:
      fflate: 0.8.2

  fflate@0.8.2: {}
